
Microsoft Visual Studio Solution File, Format Version 12.00
# Visual Studio Version 16
VisualStudioVersion = 16.0.29009.5
MinimumVisualStudioVersion = 10.0.40219.1
Project("{FAE04EC0-301F-11D3-BF4B-00C04F79EFBC}") = "Parser.Example", "Parser.Example\Parser.Example.csproj", "{49948EAE-A54E-4E5B-82A3-2C5041C994B4}"
EndProject
Project("{FAE04EC0-301F-11D3-BF4B-00C04F79EFBC}") = "ConfigParser", "ConfigParser\ConfigParser.csproj", "{C35E6F56-331B-431A-A0DD-4A013DA8F5F8}"
EndProject
Global
	GlobalSection(SolutionConfigurationPlatforms) = preSolution
		Debug|Any CPU = Debug|Any CPU
		Release|Any CPU = Release|Any CPU
	EndGlobalSection
	GlobalSection(ProjectConfigurationPlatforms) = postSolution
		{49948EAE-A54E-4E5B-82A3-2C5041C994B4}.Debug|Any CPU.ActiveCfg = Debug|Any CPU
		{49948EAE-A54E-4E5B-82A3-2C5041C994B4}.Debug|Any CPU.Build.0 = Debug|Any CPU
		{49948EAE-A54E-4E5B-82A3-2C5041C994B4}.Release|Any CPU.ActiveCfg = Release|Any CPU
		{49948EAE-A54E-4E5B-82A3-2C5041C994B4}.Release|Any CPU.Build.0 = Release|Any CPU
		{C35E6F56-331B-431A-A0DD-4A013DA8F5F8}.Debug|Any CPU.ActiveCfg = Debug|Any CPU
		{C35E6F56-331B-431A-A0DD-4A013DA8F5F8}.Debug|Any CPU.Build.0 = Debug|Any CPU
		{C35E6F56-331B-431A-A0DD-4A013DA8F5F8}.Release|Any CPU.ActiveCfg = Release|Any CPU
		{C35E6F56-331B-431A-A0DD-4A013DA8F5F8}.Release|Any CPU.Build.0 = Release|Any CPU
	EndGlobalSection
	GlobalSection(SolutionProperties) = preSolution
		HideSolutionNode = FALSE
	EndGlobalSection
	GlobalSection(ExtensibilityGlobals) = postSolution
		SolutionGuid = {B6E8A7E2-DEDC-4DB1-8CB4-CFDF236941C8}
	EndGlobalSection
EndGlobal
